
Microsoft Visual Studio Solution File, Format Version 12.00
# Visual Studio Version 16
VisualStudioVersion = 16.0.32602.291
MinimumVisualStudioVersion = 10.0.40219.1
Project("{FAE04EC0-301F-11D3-BF4B-00C04F79EFBC}") = "Homework_Lection_5", "Homework_Lection_5\Homework_Lection_5.csproj", "{F382152E-C9D4-4888-88E1-1995A810D6B6}"
EndProject
Global
	GlobalSection(SolutionConfigurationPlatforms) = preSolution
		Debug|Any CPU = Debug|Any CPU
		Release|Any CPU = Release|Any CPU
	EndGlobalSection
	GlobalSection(ProjectConfigurationPlatforms) = postSolution
		{F382152E-C9D4-4888-88E1-1995A810D6B6}.Debug|Any CPU.ActiveCfg = Debug|Any CPU
		{F382152E-C9D4-4888-88E1-1995A810D6B6}.Debug|Any CPU.Build.0 = Debug|Any CPU
		{F382152E-C9D4-4888-88E1-1995A810D6B6}.Release|Any CPU.ActiveCfg = Release|Any CPU
		{F382152E-C9D4-4888-88E1-1995A810D6B6}.Release|Any CPU.Build.0 = Release|Any CPU
	EndGlobalSection
	GlobalSection(SolutionProperties) = preSolution
		HideSolutionNode = FALSE
	EndGlobalSection
	GlobalSection(ExtensibilityGlobals) = postSolution
		SolutionGuid = {C01AEE75-2A19-4FA3-A35E-EEB7115F2C31}
	EndGlobalSection
EndGlobal
